
Microsoft Visual Studio Solution File, Format Version 12.00
# Visual Studio Version 16
VisualStudioVersion = 16.0.31410.357
MinimumVisualStudioVersion = 10.0.40219.1
Project("{FAE04EC0-301F-11D3-BF4B-00C04F79EFBC}") = "EmptyReact", "EmptyReact\EmptyReact.csproj", "{457646A2-5E06-40AC-8BBF-F62BACEA365C}"
EndProject
Global
	GlobalSection(SolutionConfigurationPlatforms) = preSolution
		Debug|Any CPU = Debug|Any CPU
		Release|Any CPU = Release|Any CPU
	EndGlobalSection
	GlobalSection(ProjectConfigurationPlatforms) = postSolution
		{457646A2-5E06-40AC-8BBF-F62BACEA365C}.Debug|Any CPU.ActiveCfg = Debug|Any CPU
		{457646A2-5E06-40AC-8BBF-F62BACEA365C}.Debug|Any CPU.Build.0 = Debug|Any CPU
		{457646A2-5E06-40AC-8BBF-F62BACEA365C}.Release|Any CPU.ActiveCfg = Release|Any CPU
		{457646A2-5E06-40AC-8BBF-F62BACEA365C}.Release|Any CPU.Build.0 = Release|Any CPU
	EndGlobalSection
	GlobalSection(SolutionProperties) = preSolution
		HideSolutionNode = FALSE
	EndGlobalSection
	GlobalSection(ExtensibilityGlobals) = postSolution
		SolutionGuid = {DD80EFE5-0260-42BE-86C7-B9EA5E9D0084}
	EndGlobalSection
EndGlobal
